
Microsoft Visual Studio Solution File, Format Version 12.00
# Visual Studio Version 17
VisualStudioVersion = 17.0.31903.59
MinimumVisualStudioVersion = 10.0.40219.1
Project("{FAE04EC0-301F-11D3-BF4B-00C04F79EFBC}") = "AutoMigration", "AutoMigration\AutoMigration.csproj", "{16615F07-AD4D-4526-A992-11123898358D}"
EndProject
Project("{FAE04EC0-301F-11D3-BF4B-00C04F79EFBC}") = "AutoMigration.WebTest", "AutoMigration.WebTest\AutoMigration.WebTest.csproj", "{BBA5F8FA-82AA-45B1-A881-989D5DFCDF49}"
EndProject
Global
	GlobalSection(SolutionConfigurationPlatforms) = preSolution
		Debug|Any CPU = Debug|Any CPU
		Release|Any CPU = Release|Any CPU
	EndGlobalSection
	GlobalSection(SolutionProperties) = preSolution
		HideSolutionNode = FALSE
	EndGlobalSection
	GlobalSection(ProjectConfigurationPlatforms) = postSolution
		{16615F07-AD4D-4526-A992-11123898358D}.Debug|Any CPU.ActiveCfg = Debug|Any CPU
		{16615F07-AD4D-4526-A992-11123898358D}.Debug|Any CPU.Build.0 = Debug|Any CPU
		{16615F07-AD4D-4526-A992-11123898358D}.Release|Any CPU.ActiveCfg = Release|Any CPU
		{16615F07-AD4D-4526-A992-11123898358D}.Release|Any CPU.Build.0 = Release|Any CPU
		{BBA5F8FA-82AA-45B1-A881-989D5DFCDF49}.Debug|Any CPU.ActiveCfg = Debug|Any CPU
		{BBA5F8FA-82AA-45B1-A881-989D5DFCDF49}.Debug|Any CPU.Build.0 = Debug|Any CPU
		{BBA5F8FA-82AA-45B1-A881-989D5DFCDF49}.Release|Any CPU.ActiveCfg = Release|Any CPU
		{BBA5F8FA-82AA-45B1-A881-989D5DFCDF49}.Release|Any CPU.Build.0 = Release|Any CPU
	EndGlobalSection
EndGlobal
